
Microsoft Visual Studio Solution File, Format Version 12.00
# Visual Studio Version 17
VisualStudioVersion = 17.1.32210.238
MinimumVisualStudioVersion = 10.0.40219.1
Project("{FAE04EC0-301F-11D3-BF4B-00C04F79EFBC}") = "Library_Management_System", "LibraryManagementSystem\Library_Management_System.csproj", "{597E7D28-ECD7-430D-90A8-4F495B5012E4}"
EndProject
Global
	GlobalSection(SolutionConfigurationPlatforms) = preSolution
		Debug|Any CPU = Debug|Any CPU
		Release|Any CPU = Release|Any CPU
	EndGlobalSection
	GlobalSection(ProjectConfigurationPlatforms) = postSolution
		{597E7D28-ECD7-430D-90A8-4F495B5012E4}.Debug|Any CPU.ActiveCfg = Debug|Any CPU
		{597E7D28-ECD7-430D-90A8-4F495B5012E4}.Debug|Any CPU.Build.0 = Debug|Any CPU
		{597E7D28-ECD7-430D-90A8-4F495B5012E4}.Release|Any CPU.ActiveCfg = Release|Any CPU
		{597E7D28-ECD7-430D-90A8-4F495B5012E4}.Release|Any CPU.Build.0 = Release|Any CPU
	EndGlobalSection
	GlobalSection(SolutionProperties) = preSolution
		HideSolutionNode = FALSE
	EndGlobalSection
	GlobalSection(ExtensibilityGlobals) = postSolution
		SolutionGuid = {D39CB319-4701-489D-9196-E792F459AFE6}
	EndGlobalSection
EndGlobal
